
Microsoft Visual Studio Solution File, Format Version 12.00
# Visual Studio 2012
Project("{FAE04EC0-301F-11D3-BF4B-00C04F79EFBC}") = "NetchexDashboard", "NetchexDashboard.csproj", "{243430BF-6829-4F6B-BBA3-5CC3C732148A}"
EndProject
Global
	GlobalSection(SolutionConfigurationPlatforms) = preSolution
		Debug|Any CPU = Debug|Any CPU
		Release|Any CPU = Release|Any CPU
	EndGlobalSection
	GlobalSection(ProjectConfigurationPlatforms) = postSolution
		{243430BF-6829-4F6B-BBA3-5CC3C732148A}.Debug|Any CPU.ActiveCfg = Debug|Any CPU
		{243430BF-6829-4F6B-BBA3-5CC3C732148A}.Debug|Any CPU.Build.0 = Debug|Any CPU
		{243430BF-6829-4F6B-BBA3-5CC3C732148A}.Release|Any CPU.ActiveCfg = Release|Any CPU
		{243430BF-6829-4F6B-BBA3-5CC3C732148A}.Release|Any CPU.Build.0 = Release|Any CPU
	EndGlobalSection
	GlobalSection(SolutionProperties) = preSolution
		HideSolutionNode = FALSE
	EndGlobalSection
EndGlobal
